
Microsoft Visual Studio Solution File, Format Version 12.00
# Visual Studio Version 17
VisualStudioVersion = 17.9.34607.119
MinimumVisualStudioVersion = 10.0.40219.1
Project("{9A19103F-16F7-4668-BE54-9A1E7A4F7556}") = "CRM.API", "CRM.API\CRM.API.csproj", "{238969F2-798B-4B62-A943-FA0C68983CBA}"
EndProject
Project("{9A19103F-16F7-4668-BE54-9A1E7A4F7556}") = "CRM.DTOs", "CRM.DTOs\CRM.DTOs.csproj", "{B33D1724-DBEE-4E8F-BB6C-746587E3A58E}"
EndProject
Project("{9A19103F-16F7-4668-BE54-9A1E7A4F7556}") = "CRM.AppWebMVC", "CRM.AppWebMVC\CRM.AppWebMVC.csproj", "{A908655E-0D8D-469B-9AE4-C44C079E9762}"
EndProject
Project("{9A19103F-16F7-4668-BE54-9A1E7A4F7556}") = "CRM.AppWebBlazor", "CRM.AppWebBlazor\CRM.AppWebBlazor.csproj", "{A195F1F4-9F9B-440F-AC91-46757849D4F0}"
EndProject
Global
	GlobalSection(SolutionConfigurationPlatforms) = preSolution
		Debug|Any CPU = Debug|Any CPU
		Release|Any CPU = Release|Any CPU
	EndGlobalSection
	GlobalSection(ProjectConfigurationPlatforms) = postSolution
		{238969F2-798B-4B62-A943-FA0C68983CBA}.Debug|Any CPU.ActiveCfg = Debug|Any CPU
		{238969F2-798B-4B62-A943-FA0C68983CBA}.Debug|Any CPU.Build.0 = Debug|Any CPU
		{238969F2-798B-4B62-A943-FA0C68983CBA}.Release|Any CPU.ActiveCfg = Release|Any CPU
		{238969F2-798B-4B62-A943-FA0C68983CBA}.Release|Any CPU.Build.0 = Release|Any CPU
		{B33D1724-DBEE-4E8F-BB6C-746587E3A58E}.Debug|Any CPU.ActiveCfg = Debug|Any CPU
		{B33D1724-DBEE-4E8F-BB6C-746587E3A58E}.Debug|Any CPU.Build.0 = Debug|Any CPU
		{B33D1724-DBEE-4E8F-BB6C-746587E3A58E}.Release|Any CPU.ActiveCfg = Release|Any CPU
		{B33D1724-DBEE-4E8F-BB6C-746587E3A58E}.Release|Any CPU.Build.0 = Release|Any CPU
		{A908655E-0D8D-469B-9AE4-C44C079E9762}.Debug|Any CPU.ActiveCfg = Debug|Any CPU
		{A908655E-0D8D-469B-9AE4-C44C079E9762}.Debug|Any CPU.Build.0 = Debug|Any CPU
		{A908655E-0D8D-469B-9AE4-C44C079E9762}.Release|Any CPU.ActiveCfg = Release|Any CPU
		{A908655E-0D8D-469B-9AE4-C44C079E9762}.Release|Any CPU.Build.0 = Release|Any CPU
		{A195F1F4-9F9B-440F-AC91-46757849D4F0}.Debug|Any CPU.ActiveCfg = Debug|Any CPU
		{A195F1F4-9F9B-440F-AC91-46757849D4F0}.Debug|Any CPU.Build.0 = Debug|Any CPU
		{A195F1F4-9F9B-440F-AC91-46757849D4F0}.Release|Any CPU.ActiveCfg = Release|Any CPU
		{A195F1F4-9F9B-440F-AC91-46757849D4F0}.Release|Any CPU.Build.0 = Release|Any CPU
	EndGlobalSection
	GlobalSection(SolutionProperties) = preSolution
		HideSolutionNode = FALSE
	EndGlobalSection
	GlobalSection(ExtensibilityGlobals) = postSolution
		SolutionGuid = {7705E4E7-3C29-497C-A74A-4DEC65E5A64A}
	EndGlobalSection
EndGlobal
